
Microsoft Visual Studio Solution File, Format Version 12.00
# Visual Studio Version 17
VisualStudioVersion = 17.8.34525.116
MinimumVisualStudioVersion = 10.0.40219.1
Project("{FAE04EC0-301F-11D3-BF4B-00C04F79EFBC}") = "ContactList", "ContactList.csproj", "{00BCA427-8D81-4515-B853-16F23806BAEB}"
EndProject
Global
	GlobalSection(SolutionConfigurationPlatforms) = preSolution
		Debug|Any CPU = Debug|Any CPU
		Release|Any CPU = Release|Any CPU
	EndGlobalSection
	GlobalSection(ProjectConfigurationPlatforms) = postSolution
		{00BCA427-8D81-4515-B853-16F23806BAEB}.Debug|Any CPU.ActiveCfg = Debug|Any CPU
		{00BCA427-8D81-4515-B853-16F23806BAEB}.Debug|Any CPU.Build.0 = Debug|Any CPU
		{00BCA427-8D81-4515-B853-16F23806BAEB}.Release|Any CPU.ActiveCfg = Release|Any CPU
		{00BCA427-8D81-4515-B853-16F23806BAEB}.Release|Any CPU.Build.0 = Release|Any CPU
	EndGlobalSection
	GlobalSection(SolutionProperties) = preSolution
		HideSolutionNode = FALSE
	EndGlobalSection
	GlobalSection(ExtensibilityGlobals) = postSolution
		SolutionGuid = {4E788569-D67E-4D8A-A709-BD51CA8B2BFA}
	EndGlobalSection
EndGlobal
